
Microsoft Visual Studio Solution File, Format Version 12.00
# Visual Studio Version 17
VisualStudioVersion = 17.3.32811.315
MinimumVisualStudioVersion = 10.0.40219.1
Project("{FAE04EC0-301F-11D3-BF4B-00C04F79EFBC}") = "NapadNezemljanov", "NapadNezemljanov\NapadNezemljanov.csproj", "{5F929A17-7B3B-4937-AF40-A0F538E75CAE}"
EndProject
Global
	GlobalSection(SolutionConfigurationPlatforms) = preSolution
		Debug|Any CPU = Debug|Any CPU
		Release|Any CPU = Release|Any CPU
	EndGlobalSection
	GlobalSection(ProjectConfigurationPlatforms) = postSolution
		{5F929A17-7B3B-4937-AF40-A0F538E75CAE}.Debug|Any CPU.ActiveCfg = Debug|Any CPU
		{5F929A17-7B3B-4937-AF40-A0F538E75CAE}.Debug|Any CPU.Build.0 = Debug|Any CPU
		{5F929A17-7B3B-4937-AF40-A0F538E75CAE}.Release|Any CPU.ActiveCfg = Release|Any CPU
		{5F929A17-7B3B-4937-AF40-A0F538E75CAE}.Release|Any CPU.Build.0 = Release|Any CPU
	EndGlobalSection
	GlobalSection(SolutionProperties) = preSolution
		HideSolutionNode = FALSE
	EndGlobalSection
	GlobalSection(ExtensibilityGlobals) = postSolution
		SolutionGuid = {E5B38AB1-B515-4970-98D8-147CE61280EF}
	EndGlobalSection
EndGlobal
