
Microsoft Visual Studio Solution File, Format Version 12.00
# Visual Studio Version 17
VisualStudioVersion = 17.3.32811.315
MinimumVisualStudioVersion = 10.0.40219.1
Project("{FAE04EC0-301F-11D3-BF4B-00C04F79EFBC}") = "Pravokotnik", "Pravokotnik\Pravokotnik.csproj", "{6F9B58DD-7947-4019-BAF2-E76DA20D25A2}"
EndProject
Global
	GlobalSection(SolutionConfigurationPlatforms) = preSolution
		Debug|Any CPU = Debug|Any CPU
		Release|Any CPU = Release|Any CPU
	EndGlobalSection
	GlobalSection(ProjectConfigurationPlatforms) = postSolution
		{6F9B58DD-7947-4019-BAF2-E76DA20D25A2}.Debug|Any CPU.ActiveCfg = Debug|Any CPU
		{6F9B58DD-7947-4019-BAF2-E76DA20D25A2}.Debug|Any CPU.Build.0 = Debug|Any CPU
		{6F9B58DD-7947-4019-BAF2-E76DA20D25A2}.Release|Any CPU.ActiveCfg = Release|Any CPU
		{6F9B58DD-7947-4019-BAF2-E76DA20D25A2}.Release|Any CPU.Build.0 = Release|Any CPU
	EndGlobalSection
	GlobalSection(SolutionProperties) = preSolution
		HideSolutionNode = FALSE
	EndGlobalSection
	GlobalSection(ExtensibilityGlobals) = postSolution
		SolutionGuid = {0242B22B-C6B7-4696-B1D4-5078EC5E46C5}
	EndGlobalSection
EndGlobal
