
Microsoft Visual Studio Solution File, Format Version 12.00
# Visual Studio Version 17
VisualStudioVersion = 17.3.32811.315
MinimumVisualStudioVersion = 10.0.40219.1
Project("{FAE04EC0-301F-11D3-BF4B-00C04F79EFBC}") = "Prvi", "Prvi\Prvi.csproj", "{BBC3DB38-D51F-410B-8DED-9341D873F55D}"
EndProject
Global
	GlobalSection(SolutionConfigurationPlatforms) = preSolution
		Debug|Any CPU = Debug|Any CPU
		Release|Any CPU = Release|Any CPU
	EndGlobalSection
	GlobalSection(ProjectConfigurationPlatforms) = postSolution
		{BBC3DB38-D51F-410B-8DED-9341D873F55D}.Debug|Any CPU.ActiveCfg = Debug|Any CPU
		{BBC3DB38-D51F-410B-8DED-9341D873F55D}.Debug|Any CPU.Build.0 = Debug|Any CPU
		{BBC3DB38-D51F-410B-8DED-9341D873F55D}.Release|Any CPU.ActiveCfg = Release|Any CPU
		{BBC3DB38-D51F-410B-8DED-9341D873F55D}.Release|Any CPU.Build.0 = Release|Any CPU
	EndGlobalSection
	GlobalSection(SolutionProperties) = preSolution
		HideSolutionNode = FALSE
	EndGlobalSection
	GlobalSection(ExtensibilityGlobals) = postSolution
		SolutionGuid = {BB179A86-A97B-4C47-AE60-1279CEA27BA8}
	EndGlobalSection
EndGlobal
