
Microsoft Visual Studio Solution File, Format Version 12.00
# Visual Studio Version 17
VisualStudioVersion = 17.3.32811.315
MinimumVisualStudioVersion = 10.0.40219.1
Project("{FAE04EC0-301F-11D3-BF4B-00C04F79EFBC}") = "SprehodPoHiši", "SprehodPoHiši\SprehodPoHiši.csproj", "{386D544B-8C37-4741-A900-3BCD0CC11F82}"
EndProject
Global
	GlobalSection(SolutionConfigurationPlatforms) = preSolution
		Debug|Any CPU = Debug|Any CPU
		Release|Any CPU = Release|Any CPU
	EndGlobalSection
	GlobalSection(ProjectConfigurationPlatforms) = postSolution
		{386D544B-8C37-4741-A900-3BCD0CC11F82}.Debug|Any CPU.ActiveCfg = Debug|Any CPU
		{386D544B-8C37-4741-A900-3BCD0CC11F82}.Debug|Any CPU.Build.0 = Debug|Any CPU
		{386D544B-8C37-4741-A900-3BCD0CC11F82}.Release|Any CPU.ActiveCfg = Release|Any CPU
		{386D544B-8C37-4741-A900-3BCD0CC11F82}.Release|Any CPU.Build.0 = Release|Any CPU
	EndGlobalSection
	GlobalSection(SolutionProperties) = preSolution
		HideSolutionNode = FALSE
	EndGlobalSection
	GlobalSection(ExtensibilityGlobals) = postSolution
		SolutionGuid = {8EA5F628-C727-4B96-9ADB-D54F92D877D6}
	EndGlobalSection
EndGlobal
